
Microsoft Visual Studio Solution File, Format Version 12.00
# Visual Studio 15
VisualStudioVersion = 15.0.28307.136
MinimumVisualStudioVersion = 10.0.40219.1
Project("{FAE04EC0-301F-11D3-BF4B-00C04F79EFBC}") = "API", "API\API.csproj", "{1FBE9678-B3BB-407D-9C07-ABF198FFC55A}"
EndProject
Global
	GlobalSection(SolutionConfigurationPlatforms) = preSolution
		Debug|Any CPU = Debug|Any CPU
		Release|Any CPU = Release|Any CPU
	EndGlobalSection
	GlobalSection(ProjectConfigurationPlatforms) = postSolution
		{1FBE9678-B3BB-407D-9C07-ABF198FFC55A}.Debug|Any CPU.ActiveCfg = Debug|Any CPU
		{1FBE9678-B3BB-407D-9C07-ABF198FFC55A}.Debug|Any CPU.Build.0 = Debug|Any CPU
		{1FBE9678-B3BB-407D-9C07-ABF198FFC55A}.Release|Any CPU.ActiveCfg = Release|Any CPU
		{1FBE9678-B3BB-407D-9C07-ABF198FFC55A}.Release|Any CPU.Build.0 = Release|Any CPU
	EndGlobalSection
	GlobalSection(SolutionProperties) = preSolution
		HideSolutionNode = FALSE
	EndGlobalSection
	GlobalSection(ExtensibilityGlobals) = postSolution
		SolutionGuid = {13EA7FD1-E671-477F-8AF0-3F521B909884}
	EndGlobalSection
EndGlobal
